// !$*UTF8*$!
{
	archiveVersion = 1;
	classes = {
	};
	objectVersion = 55;
	objects = {

/* Begin PBXBuildFile section */
		3D416C4D27C41A195F3DAE81 /* Pods_Pastagram.framework in Frameworks */ = {isa = PBXBuildFile; fileRef = AF0CCC24766C2FBE3CF5F087 /* Pods_Pastagram.framework */; };
		9B91989027EE236B00728986 /* LoginViewController.swift in Sources */ = {isa = PBXBuildFile; fileRef = 9B91988F27EE236B00728986 /* LoginViewController.swift */; };
		9B91989827EE297600728986 /* FeedViewController.swift in Sources */ = {isa = PBXBuildFile; fileRef = 9B91989727EE297600728986 /* FeedViewController.swift */; };
		9BC42FC227EE30D300174376 /* ArgumentParser in Frameworks */ = {isa = PBXBuildFile; productRef = 9BC42FC127EE30D300174376 /* ArgumentParser */; };
		9BC42FC527EE30E400174376 /* ArgumentParser in Frameworks */ = {isa = PBXBuildFile; productRef = 9BC42FC427EE30E400174376 /* ArgumentParser */; };
		9BC42FE727EE3A2200174376 /* CameraViewController.swift in Sources */ = {isa = PBXBuildFile; fileRef = 9BC42FE627EE3A2200174376 /* CameraViewController.swift */; };
		9BC42FE927EE4A1500174376 /* PostCellTableViewCell.swift in Sources */ = {isa = PBXBuildFile; fileRef = 9BC42FE827EE4A1500174376 /* PostCellTableViewCell.swift */; };
		9BCFC20427EEBCDB00859EF4 /* ArgumentParser in Frameworks */ = {isa = PBXBuildFile; productRef = 9BCFC20327EEBCDB00859EF4 /* ArgumentParser */; };
		9BCFC20727EEBD0D00859EF4 /* ArgumentParser in Frameworks */ = {isa = PBXBuildFile; productRef = 9BCFC20627EEBD0D00859EF4 /* ArgumentParser */; };
		9BCFC20A27EEBD1F00859EF4 /* ArgumentParser in Frameworks */ = {isa = PBXBuildFile; productRef = 9BCFC20927EEBD1F00859EF4 /* ArgumentParser */; };
		9BF8E56E27ED1072006570F3 /* AppDelegate.swift in Sources */ = {isa = PBXBuildFile; fileRef = 9BF8E56D27ED1072006570F3 /* AppDelegate.swift */; };
		9BF8E57027ED1072006570F3 /* SceneDelegate.swift in Sources */ = {isa = PBXBuildFile; fileRef = 9BF8E56F27ED1072006570F3 /* SceneDelegate.swift */; };
		9BF8E57527ED1072006570F3 /* Main.storyboard in Resources */ = {isa = PBXBuildFile; fileRef = 9BF8E57327ED1072006570F3 /* Main.storyboard */; };
		9BF8E57727ED1073006570F3 /* Assets.xcassets in Resources */ = {isa = PBXBuildFile; fileRef = 9BF8E57627ED1073006570F3 /* Assets.xcassets */; };
		9BF8E57A27ED1073006570F3 /* LaunchScreen.storyboard in Resources */ = {isa = PBXBuildFile; fileRef = 9BF8E57827ED1073006570F3 /* LaunchScreen.storyboard */; };
		9BF8E58527ED1073006570F3 /* PastagramTests.swift in Sources */ = {isa = PBXBuildFile; fileRef = 9BF8E58427ED1073006570F3 /* PastagramTests.swift */; };
		9BF8E58F27ED1073006570F3 /* PastagramUITests.swift in Sources */ = {isa = PBXBuildFile; fileRef = 9BF8E58E27ED1073006570F3 /* PastagramUITests.swift */; };
		9BF8E59127ED1073006570F3 /* PastagramUITestsLaunchTests.swift in Sources */ = {isa = PBXBuildFile; fileRef = 9BF8E59027ED1073006570F3 /* PastagramUITestsLaunchTests.swift */; };
		DB65C21454FD3B85B71E430C /* Pods_Pastagram_PastagramUITests.framework in Frameworks */ = {isa = PBXBuildFile; fileRef = 309E9BDB0F59C4DCCA267F4F /* Pods_Pastagram_PastagramUITests.framework */; };
		E4A7BCF7DF547CDC0274C214 /* Pods_PastagramTests.framework in Frameworks */ = {isa = PBXBuildFile; fileRef = 6ADB22AF84A7B68B0D669A31 /* Pods_PastagramTests.framework */; };
/* End PBXBuildFile section */

/* Begin PBXContainerItemProxy section */
		9BF8E58127ED1073006570F3 /* PBXContainerItemProxy */ = {
			isa = PBXContainerItemProxy;
			containerPortal = 9BF8E56227ED1072006570F3 /* Project object */;
			proxyType = 1;
			remoteGlobalIDString = 9BF8E56927ED1072006570F3;
			remoteInfo = Pastagram;
		};
		9BF8E58B27ED1073006570F3 /* PBXContainerItemProxy */ = {
			isa = PBXContainerItemProxy;
			containerPortal = 9BF8E56227ED1072006570F3 /* Project object */;
			proxyType = 1;
			remoteGlobalIDString = 9BF8E56927ED1072006570F3;
			remoteInfo = Pastagram;
		};
/* End PBXContainerItemProxy section */

/* Begin PBXFileReference section */
		06599225BDDE4FDE63A029AC /* Pods-Pastagram-PastagramUITests.release.xcconfig */ = {isa = PBXFileReference; includeInIndex = 1; lastKnownFileType = text.xcconfig; name = "Pods-Pastagram-PastagramUITests.release.xcconfig"; path = "Target Support Files/Pods-Pastagram-PastagramUITests/Pods-Pastagram-PastagramUITests.release.xcconfig"; sourceTree = "<group>"; };
		14618441ECC6DDE40C2BDFAD /* Pods-Pastagram.debug.xcconfig */ = {isa = PBXFileReference; includeInIndex = 1; lastKnownFileType = text.xcconfig; name = "Pods-Pastagram.debug.xcconfig"; path = "Target Support Files/Pods-Pastagram/Pods-Pastagram.debug.xcconfig"; sourceTree = "<group>"; };
		309E9BDB0F59C4DCCA267F4F /* Pods_Pastagram_PastagramUITests.framework */ = {isa = PBXFileReference; explicitFileType = wrapper.framework; includeInIndex = 0; path = Pods_Pastagram_PastagramUITests.framework; sourceTree = BUILT_PRODUCTS_DIR; };
		55A77579FE8064D242656174 /* Pods-Pastagram-PastagramUITests.debug.xcconfig */ = {isa = PBXFileReference; includeInIndex = 1; lastKnownFileType = text.xcconfig; name = "Pods-Pastagram-PastagramUITests.debug.xcconfig"; path = "Target Support Files/Pods-Pastagram-PastagramUITests/Pods-Pastagram-PastagramUITests.debug.xcconfig"; sourceTree = "<group>"; };
		6ADB22AF84A7B68B0D669A31 /* Pods_PastagramTests.framework */ = {isa = PBXFileReference; explicitFileType = wrapper.framework; includeInIndex = 0; path = Pods_PastagramTests.framework; sourceTree = BUILT_PRODUCTS_DIR; };
		6BF1779164BCD2D00FED4831 /* Pods-PastagramTests.release.xcconfig */ = {isa = PBXFileReference; includeInIndex = 1; lastKnownFileType = text.xcconfig; name = "Pods-PastagramTests.release.xcconfig"; path = "Target Support Files/Pods-PastagramTests/Pods-PastagramTests.release.xcconfig"; sourceTree = "<group>"; };
		9B91988F27EE236B00728986 /* LoginViewController.swift */ = {isa = PBXFileReference; lastKnownFileType = sourcecode.swift; path = LoginViewController.swift; sourceTree = "<group>"; };
		9B91989727EE297600728986 /* FeedViewController.swift */ = {isa = PBXFileReference; lastKnownFileType = sourcecode.swift; path = FeedViewController.swift; sourceTree = "<group>"; };
		9BC42FE627EE3A2200174376 /* CameraViewController.swift */ = {isa = PBXFileReference; lastKnownFileType = sourcecode.swift; path = CameraViewController.swift; sourceTree = "<group>"; };
		9BC42FE827EE4A1500174376 /* PostCellTableViewCell.swift */ = {isa = PBXFileReference; lastKnownFileType = sourcecode.swift; path = PostCellTableViewCell.swift; sourceTree = "<group>"; };
		9BF8E56A27ED1072006570F3 /* Pastagram.app */ = {isa = PBXFileReference; explicitFileType = wrapper.application; includeInIndex = 0; path = Pastagram.app; sourceTree = BUILT_PRODUCTS_DIR; };
		9BF8E56D27ED1072006570F3 /* AppDelegate.swift */ = {isa = PBXFileReference; lastKnownFileType = sourcecode.swift; path = AppDelegate.swift; sourceTree = "<group>"; };
		9BF8E56F27ED1072006570F3 /* SceneDelegate.swift */ = {isa = PBXFileReference; lastKnownFileType = sourcecode.swift; path = SceneDelegate.swift; sourceTree = "<group>"; };
		9BF8E57427ED1072006570F3 /* Base */ = {isa = PBXFileReference; lastKnownFileType = file.storyboard; name = Base; path = Base.lproj/Main.storyboard; sourceTree = "<group>"; };
		9BF8E57627ED1073006570F3 /* Assets.xcassets */ = {isa = PBXFileReference; lastKnownFileType = folder.assetcatalog; path = Assets.xcassets; sourceTree = "<group>"; };
		9BF8E57927ED1073006570F3 /* Base */ = {isa = PBXFileReference; lastKnownFileType = file.storyboard; name = Base; path = Base.lproj/LaunchScreen.storyboard; sourceTree = "<group>"; };
		9BF8E57B27ED1073006570F3 /* Info.plist */ = {isa = PBXFileReference; lastKnownFileType = text.plist.xml; path = Info.plist; sourceTree = "<group>"; };
		9BF8E58027ED1073006570F3 /* PastagramTests.xctest */ = {isa = PBXFileReference; explicitFileType = wrapper.cfbundle; includeInIndex = 0; path = PastagramTests.xctest; sourceTree = BUILT_PRODUCTS_DIR; };
		9BF8E58427ED1073006570F3 /* PastagramTests.swift */ = {isa = PBXFileReference; lastKnownFileType = sourcecode.swift; path = PastagramTests.swift; sourceTree = "<group>"; };
		9BF8E58A27ED1073006570F3 /* PastagramUITests.xctest */ = {isa = PBXFileReference; explicitFileType = wrapper.cfbundle; includeInIndex = 0; path = PastagramUITests.xctest; sourceTree = BUILT_PRODUCTS_DIR; };
		9BF8E58E27ED1073006570F3 /* PastagramUITests.swift */ = {isa = PBXFileReference; lastKnownFileType = sourcecode.swift; path = PastagramUITests.swift; sourceTree = "<group>"; };
		9BF8E59027ED1073006570F3 /* PastagramUITestsLaunchTests.swift */ = {isa = PBXFileReference; lastKnownFileType = sourcecode.swift; path = PastagramUITestsLaunchTests.swift; sourceTree = "<group>"; };
		AF0CCC24766C2FBE3CF5F087 /* Pods_Pastagram.framework */ = {isa = PBXFileReference; explicitFileType = wrapper.framework; includeInIndex = 0; path = Pods_Pastagram.framework; sourceTree = BUILT_PRODUCTS_DIR; };
		AF61E8B0C8AF6D260A21013E /* Pods-PastagramTests.debug.xcconfig */ = {isa = PBXFileReference; includeInIndex = 1; lastKnownFileType = text.xcconfig; name = "Pods-PastagramTests.debug.xcconfig"; path = "Target Support Files/Pods-PastagramTests/Pods-PastagramTests.debug.xcconfig"; sourceTree = "<group>"; };
		D916325D76123C7736C1C469 /* Pods-Pastagram.release.xcconfig */ = {isa = PBXFileReference; includeInIndex = 1; lastKnownFileType = text.xcconfig; name = "Pods-Pastagram.release.xcconfig"; path = "Target Support Files/Pods-Pastagram/Pods-Pastagram.release.xcconfig"; sourceTree = "<group>"; };
/* End PBXFileReference section */

/* Begin PBXFrameworksBuildPhase section */
		9BF8E56727ED1072006570F3 /* Frameworks */ = {
			isa = PBXFrameworksBuildPhase;
			buildActionMask = 2147483647;
			files = (
				9BCFC20A27EEBD1F00859EF4 /* ArgumentParser in Frameworks */,
				9BC42FC527EE30E400174376 /* ArgumentParser in Frameworks */,
				9BC42FC227EE30D300174376 /* ArgumentParser in Frameworks */,
				9BCFC20427EEBCDB00859EF4 /* ArgumentParser in Frameworks */,
				9BCFC20727EEBD0D00859EF4 /* ArgumentParser in Frameworks */,
				3D416C4D27C41A195F3DAE81 /* Pods_Pastagram.framework in Frameworks */,
			);
			runOnlyForDeploymentPostprocessing = 0;
		};
		9BF8E57D27ED1073006570F3 /* Frameworks */ = {
			isa = PBXFrameworksBuildPhase;
			buildActionMask = 2147483647;
			files = (
				E4A7BCF7DF547CDC0274C214 /* Pods_PastagramTests.framework in Frameworks */,
			);
			runOnlyForDeploymentPostprocessing = 0;
		};
		9BF8E58727ED1073006570F3 /* Frameworks */ = {
			isa = PBXFrameworksBuildPhase;
			buildActionMask = 2147483647;
			files = (
				DB65C21454FD3B85B71E430C /* Pods_Pastagram_PastagramUITests.framework in Frameworks */,
			);
			runOnlyForDeploymentPostprocessing = 0;
		};
/* End PBXFrameworksBuildPhase section */

/* Begin PBXGroup section */
		0CD5BB6255BA1B32565686EC /* Frameworks */ = {
			isa = PBXGroup;
			children = (
				AF0CCC24766C2FBE3CF5F087 /* Pods_Pastagram.framework */,
				309E9BDB0F59C4DCCA267F4F /* Pods_Pastagram_PastagramUITests.framework */,
				6ADB22AF84A7B68B0D669A31 /* Pods_PastagramTests.framework */,
			);
			name = Frameworks;
			sourceTree = "<group>";
		};
		76A107C8FB3C5F5F2B72524B /* Pods */ = {
			isa = PBXGroup;
			children = (
				14618441ECC6DDE40C2BDFAD /* Pods-Pastagram.debug.xcconfig */,
				D916325D76123C7736C1C469 /* Pods-Pastagram.release.xcconfig */,
				55A77579FE8064D242656174 /* Pods-Pastagram-PastagramUITests.debug.xcconfig */,
				06599225BDDE4FDE63A029AC /* Pods-Pastagram-PastagramUITests.release.xcconfig */,
				AF61E8B0C8AF6D260A21013E /* Pods-PastagramTests.debug.xcconfig */,
				6BF1779164BCD2D00FED4831 /* Pods-PastagramTests.release.xcconfig */,
			);
			path = Pods;
			sourceTree = "<group>";
		};
		9BF8E56127ED1072006570F3 = {
			isa = PBXGroup;
			children = (
				9BF8E56C27ED1072006570F3 /* Pastagram */,
				9BF8E58327ED1073006570F3 /* PastagramTests */,
				9BF8E58D27ED1073006570F3 /* PastagramUITests */,
				9BF8E56B27ED1072006570F3 /* Products */,
				76A107C8FB3C5F5F2B72524B /* Pods */,
				0CD5BB6255BA1B32565686EC /* Frameworks */,
			);
			sourceTree = "<group>";
		};
		9BF8E56B27ED1072006570F3 /* Products */ = {
			isa = PBXGroup;
			children = (
				9BF8E56A27ED1072006570F3 /* Pastagram.app */,
				9BF8E58027ED1073006570F3 /* PastagramTests.xctest */,
				9BF8E58A27ED1073006570F3 /* PastagramUITests.xctest */,
			);
			name = Products;
			sourceTree = "<group>";
		};
		9BF8E56C27ED1072006570F3 /* Pastagram */ = {
			isa = PBXGroup;
			children = (
				9BF8E56D27ED1072006570F3 /* AppDelegate.swift */,
				9BF8E56F27ED1072006570F3 /* SceneDelegate.swift */,
				9BF8E57327ED1072006570F3 /* Main.storyboard */,
				9BF8E57627ED1073006570F3 /* Assets.xcassets */,
				9BF8E57827ED1073006570F3 /* LaunchScreen.storyboard */,
				9BF8E57B27ED1073006570F3 /* Info.plist */,
				9B91988F27EE236B00728986 /* LoginViewController.swift */,
				9B91989727EE297600728986 /* FeedViewController.swift */,
				9BC42FE627EE3A2200174376 /* CameraViewController.swift */,
				9BC42FE827EE4A1500174376 /* PostCellTableViewCell.swift */,
			);
			path = Pastagram;
			sourceTree = "<group>";
		};
		9BF8E58327ED1073006570F3 /* PastagramTests */ = {
			isa = PBXGroup;
			children = (
				9BF8E58427ED1073006570F3 /* PastagramTests.swift */,
			);
			path = PastagramTests;
			sourceTree = "<group>";
		};
		9BF8E58D27ED1073006570F3 /* PastagramUITests */ = {
			isa = PBXGroup;
			children = (
				9BF8E58E27ED1073006570F3 /* PastagramUITests.swift */,
				9BF8E59027ED1073006570F3 /* PastagramUITestsLaunchTests.swift */,
			);
			path = PastagramUITests;
			sourceTree = "<group>";
		};
/* End PBXGroup section */

/* Begin PBXNativeTarget section */
		9BF8E56927ED1072006570F3 /* Pastagram */ = {
			isa = PBXNativeTarget;
			buildConfigurationList = 9BF8E59427ED1073006570F3 /* Build configuration list for PBXNativeTarget "Pastagram" */;
			buildPhases = (
				C020177C6116C50C81530C44 /* [CP] Check Pods Manifest.lock */,
				9BF8E56627ED1072006570F3 /* Sources */,
				9BF8E56727ED1072006570F3 /* Frameworks */,
				9BF8E56827ED1072006570F3 /* Resources */,
				13A46472D929569AC190C459 /* [CP] Embed Pods Frameworks */,
			);
			buildRules = (
			);
			dependencies = (
			);
			name = Pastagram;
			packageProductDependencies = (
				9BC42FC127EE30D300174376 /* ArgumentParser */,
				9BC42FC427EE30E400174376 /* ArgumentParser */,
				9BCFC20327EEBCDB00859EF4 /* ArgumentParser */,
				9BCFC20627EEBD0D00859EF4 /* ArgumentParser */,
				9BCFC20927EEBD1F00859EF4 /* ArgumentParser */,
			);
			productName = Pastagram;
			productReference = 9BF8E56A27ED1072006570F3 /* Pastagram.app */;
			productType = "com.apple.product-type.application";
		};
		9BF8E57F27ED1073006570F3 /* PastagramTests */ = {
			isa = PBXNativeTarget;
			buildConfigurationList = 9BF8E59727ED1073006570F3 /* Build configuration list for PBXNativeTarget "PastagramTests" */;
			buildPhases = (
				E1C0EC65E07B54A9D56D1201 /* [CP] Check Pods Manifest.lock */,
				9BF8E57C27ED1073006570F3 /* Sources */,
				9BF8E57D27ED1073006570F3 /* Frameworks */,
				9BF8E57E27ED1073006570F3 /* Resources */,
			);
			buildRules = (
			);
			dependencies = (
				9BF8E58227ED1073006570F3 /* PBXTargetDependency */,
			);
			name = PastagramTests;
			productName = PastagramTests;
			productReference = 9BF8E58027ED1073006570F3 /* PastagramTests.xctest */;
			productType = "com.apple.product-type.bundle.unit-test";
		};
		9BF8E58927ED1073006570F3 /* PastagramUITests */ = {
			isa = PBXNativeTarget;
			buildConfigurationList = 9BF8E59A27ED1073006570F3 /* Build configuration list for PBXNativeTarget "PastagramUITests" */;
			buildPhases = (
				E29F458721ED73B8129E8EC2 /* [CP] Check Pods Manifest.lock */,
				9BF8E58627ED1073006570F3 /* Sources */,
				9BF8E58727ED1073006570F3 /* Frameworks */,
				9BF8E58827ED1073006570F3 /* Resources */,
				C2ED30184E23BFF2B5F58042 /* [CP] Embed Pods Frameworks */,
			);
			buildRules = (
			);
			dependencies = (
				9BF8E58C27ED1073006570F3 /* PBXTargetDependency */,
			);
			name = PastagramUITests;
			productName = PastagramUITests;
			productReference = 9BF8E58A27ED1073006570F3 /* PastagramUITests.xctest */;
			productType = "com.apple.product-type.bundle.ui-testing";
		};
/* End PBXNativeTarget section */

/* Begin PBXProject section */
		9BF8E56227ED1072006570F3 /* Project object */ = {
			isa = PBXProject;
			attributes = {
				BuildIndependentTargetsInParallel = 1;
				LastSwiftUpdateCheck = 1330;
				LastUpgradeCheck = 1330;
				TargetAttributes = {
					9BF8E56927ED1072006570F3 = {
						CreatedOnToolsVersion = 13.3;
					};
					9BF8E57F27ED1073006570F3 = {
						CreatedOnToolsVersion = 13.3;
						TestTargetID = 9BF8E56927ED1072006570F3;
					};
					9BF8E58927ED1073006570F3 = {
						CreatedOnToolsVersion = 13.3;
						TestTargetID = 9BF8E56927ED1072006570F3;
					};
				};
			};
			buildConfigurationList = 9BF8E56527ED1072006570F3 /* Build configuration list for PBXProject "Pastagram" */;
			compatibilityVersion = "Xcode 13.0";
			developmentRegion = en;
			hasScannedForEncodings = 0;
			knownRegions = (
				en,
				Base,
			);
			mainGroup = 9BF8E56127ED1072006570F3;
			packageReferences = (
				9BC42FC027EE30D300174376 /* XCRemoteSwiftPackageReference "swift-argument-parser" */,
				9BC42FC327EE30E400174376 /* XCRemoteSwiftPackageReference "swift-argument-parser" */,
				9BCFC20227EEBCDB00859EF4 /* XCRemoteSwiftPackageReference "swift-argument-parser" */,
				9BCFC20527EEBD0D00859EF4 /* XCRemoteSwiftPackageReference "swift-argument-parser" */,
				9BCFC20827EEBD1F00859EF4 /* XCRemoteSwiftPackageReference "swift-argument-parser" */,
			);
			productRefGroup = 9BF8E56B27ED1072006570F3 /* Products */;
			projectDirPath = "";
			projectRoot = "";
			targets = (
				9BF8E56927ED1072006570F3 /* Pastagram */,
				9BF8E57F27ED1073006570F3 /* PastagramTests */,
				9BF8E58927ED1073006570F3 /* PastagramUITests */,
			);
		};
/* End PBXProject section */

/* Begin PBXResourcesBuildPhase section */
		9BF8E56827ED1072006570F3 /* Resources */ = {
			isa = PBXResourcesBuildPhase;
			buildActionMask = 2147483647;
			files = (
				9BF8E57A27ED1073006570F3 /* LaunchScreen.storyboard in Resources */,
				9BF8E57727ED1073006570F3 /* Assets.xcassets in Resources */,
				9BF8E57527ED1072006570F3 /* Main.storyboard in Resources */,
			);
			runOnlyForDeploymentPostprocessing = 0;
		};
		9BF8E57E27ED1073006570F3 /* Resources */ = {
			isa = PBXResourcesBuildPhase;
			buildActionMask = 2147483647;
			files = (
			);
			runOnlyForDeploymentPostprocessing = 0;
		};
		9BF8E58827ED1073006570F3 /* Resources */ = {
			isa = PBXResourcesBuildPhase;
			buildActionMask = 2147483647;
			files = (
			);
			runOnlyForDeploymentPostprocessing = 0;
		};
/* End PBXResourcesBuildPhase section */

/* Begin PBXShellScriptBuildPhase section */
		13A46472D929569AC190C459 /* [CP] Embed Pods Frameworks */ = {
			isa = PBXShellScriptBuildPhase;
			buildActionMask = 2147483647;
			files = (
			);
			inputFileListPaths = (
				"${PODS_ROOT}/Target Support Files/Pods-Pastagram/Pods-Pastagram-frameworks-${CONFIGURATION}-input-files.xcfilelist",
			);
			name = "[CP] Embed Pods Frameworks";
			outputFileListPaths = (
				"${PODS_ROOT}/Target Support Files/Pods-Pastagram/Pods-Pastagram-frameworks-${CONFIGURATION}-output-files.xcfilelist",
			);
			runOnlyForDeploymentPostprocessing = 0;
			shellPath = /bin/sh;
			shellScript = "\"${PODS_ROOT}/Target Support Files/Pods-Pastagram/Pods-Pastagram-frameworks.sh\"\n";
			showEnvVarsInLog = 0;
		};
		C020177C6116C50C81530C44 /* [CP] Check Pods Manifest.lock */ = {
			isa = PBXShellScriptBuildPhase;
			buildActionMask = 2147483647;
			files = (
			);
			inputFileListPaths = (
			);
			inputPaths = (
				"${PODS_PODFILE_DIR_PATH}/Podfile.lock",
				"${PODS_ROOT}/Manifest.lock",
			);
			name = "[CP] Check Pods Manifest.lock";
			outputFileListPaths = (
			);
			outputPaths = (
				"$(DERIVED_FILE_DIR)/Pods-Pastagram-checkManifestLockResult.txt",
			);
			runOnlyForDeploymentPostprocessing = 0;
			shellPath = /bin/sh;
			shellScript = "diff \"${PODS_PODFILE_DIR_PATH}/Podfile.lock\" \"${PODS_ROOT}/Manifest.lock\" > /dev/null\nif [ $? != 0 ] ; then\n    # print error to STDERR\n    echo \"error: The sandbox is not in sync with the Podfile.lock. Run 'pod install' or update your CocoaPods installation.\" >&2\n    exit 1\nfi\n# This output is used by Xcode 'outputs' to avoid re-running this script phase.\necho \"SUCCESS\" > \"${SCRIPT_OUTPUT_FILE_0}\"\n";
			showEnvVarsInLog = 0;
		};
		C2ED30184E23BFF2B5F58042 /* [CP] Embed Pods Frameworks */ = {
			isa = PBXShellScriptBuildPhase;
			buildActionMask = 2147483647;
			files = (
			);
			inputFileListPaths = (
				"${PODS_ROOT}/Target Support Files/Pods-Pastagram-PastagramUITests/Pods-Pastagram-PastagramUITests-frameworks-${CONFIGURATION}-input-files.xcfilelist",
			);
			name = "[CP] Embed Pods Frameworks";
			outputFileListPaths = (
				"${PODS_ROOT}/Target Support Files/Pods-Pastagram-PastagramUITests/Pods-Pastagram-PastagramUITests-frameworks-${CONFIGURATION}-output-files.xcfilelist",
			);
			runOnlyForDeploymentPostprocessing = 0;
			shellPath = /bin/sh;
			shellScript = "\"${PODS_ROOT}/Target Support Files/Pods-Pastagram-PastagramUITests/Pods-Pastagram-PastagramUITests-frameworks.sh\"\n";
			showEnvVarsInLog = 0;
		};
		E1C0EC65E07B54A9D56D1201 /* [CP] Check Pods Manifest.lock */ = {
			isa = PBXShellScriptBuildPhase;
			buildActionMask = 2147483647;
			files = (
			);
			inputFileListPaths = (
			);
			inputPaths = (
				"${PODS_PODFILE_DIR_PATH}/Podfile.lock",
				"${PODS_ROOT}/Manifest.lock",
			);
			name = "[CP] Check Pods Manifest.lock";
			outputFileListPaths = (
			);
			outputPaths = (
				"$(DERIVED_FILE_DIR)/Pods-PastagramTests-checkManifestLockResult.txt",
			);
			runOnlyForDeploymentPostprocessing = 0;
			shellPath = /bin/sh;
			shellScript = "diff \"${PODS_PODFILE_DIR_PATH}/Podfile.lock\" \"${PODS_ROOT}/Manifest.lock\" > /dev/null\nif [ $? != 0 ] ; then\n    # print error to STDERR\n    echo \"error: The sandbox is not in sync with the Podfile.lock. Run 'pod install' or update your CocoaPods installation.\" >&2\n    exit 1\nfi\n# This output is used by Xcode 'outputs' to avoid re-running this script phase.\necho \"SUCCESS\" > \"${SCRIPT_OUTPUT_FILE_0}\"\n";
			showEnvVarsInLog = 0;
		};
		E29F458721ED73B8129E8EC2 /* [CP] Check Pods Manifest.lock */ = {
			isa = PBXShellScriptBuildPhase;
			buildActionMask = 2147483647;
			files = (
			);
			inputFileListPaths = (
			);
			inputPaths = (
				"${PODS_PODFILE_DIR_PATH}/Podfile.lock",
				"${PODS_ROOT}/Manifest.lock",
			);
			name = "[CP] Check Pods Manifest.lock";
			outputFileListPaths = (
			);
			outputPaths = (
				"$(DERIVED_FILE_DIR)/Pods-Pastagram-PastagramUITests-checkManifestLockResult.txt",
			);
			runOnlyForDeploymentPostprocessing = 0;
			shellPath = /bin/sh;
			shellScript = "diff \"${PODS_PODFILE_DIR_PATH}/Podfile.lock\" \"${PODS_ROOT}/Manifest.lock\" > /dev/null\nif [ $? != 0 ] ; then\n    # print error to STDERR\n    echo \"error: The sandbox is not in sync with the Podfile.lock. Run 'pod install' or update your CocoaPods installation.\" >&2\n    exit 1\nfi\n# This output is used by Xcode 'outputs' to avoid re-running this script phase.\necho \"SUCCESS\" > \"${SCRIPT_OUTPUT_FILE_0}\"\n";
			showEnvVarsInLog = 0;
		};
/* End PBXShellScriptBuildPhase section */

/* Begin PBXSourcesBuildPhase section */
		9BF8E56627ED1072006570F3 /* Sources */ = {
			isa = PBXSourcesBuildPhase;
			buildActionMask = 2147483647;
			files = (
				9B91989027EE236B00728986 /* LoginViewController.swift in Sources */,
				9BC42FE727EE3A2200174376 /* CameraViewController.swift in Sources */,
				9BF8E56E27ED1072006570F3 /* AppDelegate.swift in Sources */,
				9BC42FE927EE4A1500174376 /* PostCellTableViewCell.swift in Sources */,
				9B91989827EE297600728986 /* FeedViewController.swift in Sources */,
				9BF8E57027ED1072006570F3 /* SceneDelegate.swift in Sources */,
			);
			runOnlyForDeploymentPostprocessing = 0;
		};
		9BF8E57C27ED1073006570F3 /* Sources */ = {
			isa = PBXSourcesBuildPhase;
			buildActionMask = 2147483647;
			files = (
				9BF8E58527ED1073006570F3 /* PastagramTests.swift in Sources */,
			);
			runOnlyForDeploymentPostprocessing = 0;
		};
		9BF8E58627ED1073006570F3 /* Sources */ = {
			isa = PBXSourcesBuildPhase;
			buildActionMask = 2147483647;
			files = (
				9BF8E58F27ED1073006570F3 /* PastagramUITests.swift in Sources */,
				9BF8E59127ED1073006570F3 /* PastagramUITestsLaunchTests.swift in Sources */,
			);
			runOnlyForDeploymentPostprocessing = 0;
		};
/* End PBXSourcesBuildPhase section */

/* Begin PBXTargetDependency section */
		9BF8E58227ED1073006570F3 /* PBXTargetDependency */ = {
			isa = PBXTargetDependency;
			target = 9BF8E56927ED1072006570F3 /* Pastagram */;
			targetProxy = 9BF8E58127ED1073006570F3 /* PBXContainerItemProxy */;
		};
		9BF8E58C27ED1073006570F3 /* PBXTargetDependency */ = {
			isa = PBXTargetDependency;
			target = 9BF8E56927ED1072006570F3 /* Pastagram */;
			targetProxy = 9BF8E58B27ED1073006570F3 /* PBXContainerItemProxy */;
		};
/* End PBXTargetDependency section */

/* Begin PBXVariantGroup section */
		9BF8E57327ED1072006570F3 /* Main.storyboard */ = {
			isa = PBXVariantGroup;
			children = (
				9BF8E57427ED1072006570F3 /* Base */,
			);
			name = Main.storyboard;
			sourceTree = "<group>";
		};
		9BF8E57827ED1073006570F3 /* LaunchScreen.storyboard */ = {
			isa = PBXVariantGroup;
			children = (
				9BF8E57927ED1073006570F3 /* Base */,
			);
			name = LaunchScreen.storyboard;
			sourceTree = "<group>";
		};
/* End PBXVariantGroup section */

/* Begin XCBuildConfiguration section */
		9BF8E59227ED1073006570F3 /* Debug */ = {
			isa = XCBuildConfiguration;
			buildSettings = {
				ALWAYS_SEARCH_USER_PATHS = NO;
				CLANG_ANALYZER_NONNULL = YES;
				CLANG_ANALYZER_NUMBER_OBJECT_CONVERSION = YES_AGGRESSIVE;
				CLANG_CXX_LANGUAGE_STANDARD = "gnu++17";
				CLANG_ENABLE_MODULES = YES;
				CLANG_ENABLE_OBJC_ARC = YES;
				CLANG_ENABLE_OBJC_WEAK = YES;
				CLANG_WARN_BLOCK_CAPTURE_AUTORELEASING = YES;
				CLANG_WARN_BOOL_CONVERSION = YES;
				CLANG_WARN_COMMA = YES;
				CLANG_WARN_CONSTANT_CONVERSION = YES;
				CLANG_WARN_DEPRECATED_OBJC_IMPLEMENTATIONS = YES;
				CLANG_WARN_DIRECT_OBJC_ISA_USAGE = YES_ERROR;
				CLANG_WARN_DOCUMENTATION_COMMENTS = YES;
				CLANG_WARN_EMPTY_BODY = YES;
				CLANG_WARN_ENUM_CONVERSION = YES;
				CLANG_WARN_INFINITE_RECURSION = YES;
				CLANG_WARN_INT_CONVERSION = YES;
				CLANG_WARN_NON_LITERAL_NULL_CONVERSION = YES;
				CLANG_WARN_OBJC_IMPLICIT_RETAIN_SELF = YES;
				CLANG_WARN_OBJC_LITERAL_CONVERSION = YES;
				CLANG_WARN_OBJC_ROOT_CLASS = YES_ERROR;
				CLANG_WARN_QUOTED_INCLUDE_IN_FRAMEWORK_HEADER = YES;
				CLANG_WARN_RANGE_LOOP_ANALYSIS = YES;
				CLANG_WARN_STRICT_PROTOTYPES = YES;
				CLANG_WARN_SUSPICIOUS_MOVE = YES;
				CLANG_WARN_UNGUARDED_AVAILABILITY = YES_AGGRESSIVE;
				CLANG_WARN_UNREACHABLE_CODE = YES;
				CLANG_WARN__DUPLICATE_METHOD_MATCH = YES;
				COPY_PHASE_STRIP = NO;
				DEBUG_INFORMATION_FORMAT = dwarf;
				ENABLE_STRICT_OBJC_MSGSEND = YES;
				ENABLE_TESTABILITY = YES;
				GCC_C_LANGUAGE_STANDARD = gnu11;
				GCC_DYNAMIC_NO_PIC = NO;
				GCC_NO_COMMON_BLOCKS = YES;
				GCC_OPTIMIZATION_LEVEL = 0;
				GCC_PREPROCESSOR_DEFINITIONS = (
					"DEBUG=1",
					"$(inherited)",
				);
				GCC_WARN_64_TO_32_BIT_CONVERSION = YES;
				GCC_WARN_ABOUT_RETURN_TYPE = YES_ERROR;
				GCC_WARN_UNDECLARED_SELECTOR = YES;
				GCC_WARN_UNINITIALIZED_AUTOS = YES_AGGRESSIVE;
				GCC_WARN_UNUSED_FUNCTION = YES;
				GCC_WARN_UNUSED_VARIABLE = YES;
				IPHONEOS_DEPLOYMENT_TARGET = 15.4;
				MTL_ENABLE_DEBUG_INFO = INCLUDE_SOURCE;
				MTL_FAST_MATH = YES;
				ONLY_ACTIVE_ARCH = YES;
				SDKROOT = iphoneos;
				SWIFT_ACTIVE_COMPILATION_CONDITIONS = DEBUG;
				SWIFT_OPTIMIZATION_LEVEL = "-Onone";
			};
			name = Debug;
		};
		9BF8E59327ED1073006570F3 /* Release */ = {
			isa = XCBuildConfiguration;
			buildSettings = {
				ALWAYS_SEARCH_USER_PATHS = NO;
				CLANG_ANALYZER_NONNULL = YES;
				CLANG_ANALYZER_NUMBER_OBJECT_CONVERSION = YES_AGGRESSIVE;
				CLANG_CXX_LANGUAGE_STANDARD = "gnu++17";
				CLANG_ENABLE_MODULES = YES;
				CLANG_ENABLE_OBJC_ARC = YES;
				CLANG_ENABLE_OBJC_WEAK = YES;
				CLANG_WARN_BLOCK_CAPTURE_AUTORELEASING = YES;
				CLANG_WARN_BOOL_CONVERSION = YES;
				CLANG_WARN_COMMA = YES;
				CLANG_WARN_CONSTANT_CONVERSION = YES;
				CLANG_WARN_DEPRECATED_OBJC_IMPLEMENTATIONS = YES;
				CLANG_WARN_DIRECT_OBJC_ISA_USAGE = YES_ERROR;
				CLANG_WARN_DOCUMENTATION_COMMENTS = YES;
				CLANG_WARN_EMPTY_BODY = YES;
				CLANG_WARN_ENUM_CONVERSION = YES;
				CLANG_WARN_INFINITE_RECURSION = YES;
				CLANG_WARN_INT_CONVERSION = YES;
				CLANG_WARN_NON_LITERAL_NULL_CONVERSION = YES;
				CLANG_WARN_OBJC_IMPLICIT_RETAIN_SELF = YES;
				CLANG_WARN_OBJC_LITERAL_CONVERSION = YES;
				CLANG_WARN_OBJC_ROOT_CLASS = YES_ERROR;
				CLANG_WARN_QUOTED_INCLUDE_IN_FRAMEWORK_HEADER = YES;
				CLANG_WARN_RANGE_LOOP_ANALYSIS = YES;
				CLANG_WARN_STRICT_PROTOTYPES = YES;
				CLANG_WARN_SUSPICIOUS_MOVE = YES;
				CLANG_WARN_UNGUARDED_AVAILABILITY = YES_AGGRESSIVE;
				CLANG_WARN_UNREACHABLE_CODE = YES;
				CLANG_WARN__DUPLICATE_METHOD_MATCH = YES;
				COPY_PHASE_STRIP = NO;
				DEBUG_INFORMATION_FORMAT = "dwarf-with-dsym";
				ENABLE_NS_ASSERTIONS = NO;
				ENABLE_STRICT_OBJC_MSGSEND = YES;
				GCC_C_LANGUAGE_STANDARD = gnu11;
				GCC_NO_COMMON_BLOCKS = YES;
				GCC_WARN_64_TO_32_BIT_CONVERSION = YES;
				GCC_WARN_ABOUT_RETURN_TYPE = YES_ERROR;
				GCC_WARN_UNDECLARED_SELECTOR = YES;
				GCC_WARN_UNINITIALIZED_AUTOS = YES_AGGRESSIVE;
				GCC_WARN_UNUSED_FUNCTION = YES;
				GCC_WARN_UNUSED_VARIABLE = YES;
				IPHONEOS_DEPLOYMENT_TARGET = 15.4;
				MTL_ENABLE_DEBUG_INFO = NO;
				MTL_FAST_MATH = YES;
				SDKROOT = iphoneos;
				SWIFT_COMPILATION_MODE = wholemodule;
				SWIFT_OPTIMIZATION_LEVEL = "-O";
				VALIDATE_PRODUCT = YES;
			};
			name = Release;
		};
		9BF8E59527ED1073006570F3 /* Debug */ = {
			isa = XCBuildConfiguration;
			baseConfigurationReference = 14618441ECC6DDE40C2BDFAD /* Pods-Pastagram.debug.xcconfig */;
			buildSettings = {
				ASSETCATALOG_COMPILER_APPICON_NAME = AppIcon;
				ASSETCATALOG_COMPILER_GLOBAL_ACCENT_COLOR_NAME = AccentColor;
				CODE_SIGN_STYLE = Automatic;
				CURRENT_PROJECT_VERSION = 1;
				DEVELOPMENT_TEAM = X3AN3P6NZJ;
				GENERATE_INFOPLIST_FILE = YES;
				INFOPLIST_FILE = Pastagram/Info.plist;
				INFOPLIST_KEY_UIApplicationSupportsIndirectInputEvents = YES;
				INFOPLIST_KEY_UILaunchStoryboardName = LaunchScreen;
				INFOPLIST_KEY_UIMainStoryboardFile = Main;
				INFOPLIST_KEY_UISupportedInterfaceOrientations_iPad = "UIInterfaceOrientationPortrait UIInterfaceOrientationPortraitUpsideDown UIInterfaceOrientationLandscapeLeft UIInterfaceOrientationLandscapeRight";
				INFOPLIST_KEY_UISupportedInterfaceOrientations_iPhone = "UIInterfaceOrientationPortrait UIInterfaceOrientationLandscapeLeft UIInterfaceOrientationLandscapeRight";
				LD_RUNPATH_SEARCH_PATHS = (
					"$(inherited)",
					"@executable_path/Frameworks",
				);
				MARKETING_VERSION = 1.0;
				PRODUCT_BUNDLE_IDENTIFIER = com.yayingliang.Pastagram;
				PRODUCT_NAME = "$(TARGET_NAME)";
				SWIFT_EMIT_LOC_STRINGS = YES;
				SWIFT_VERSION = 5.0;
				TARGETED_DEVICE_FAMILY = "1,2";
			};
			name = Debug;
		};
		9BF8E59627ED1073006570F3 /* Release */ = {
			isa = XCBuildConfiguration;
			baseConfigurationReference = D916325D76123C7736C1C469 /* Pods-Pastagram.release.xcconfig */;
			buildSettings = {
				ASSETCATALOG_COMPILER_APPICON_NAME = AppIcon;
				ASSETCATALOG_COMPILER_GLOBAL_ACCENT_COLOR_NAME = AccentColor;
				CODE_SIGN_STYLE = Automatic;
				CURRENT_PROJECT_VERSION = 1;
				DEVELOPMENT_TEAM = X3AN3P6NZJ;
				GENERATE_INFOPLIST_FILE = YES;
				INFOPLIST_FILE = Pastagram/Info.plist;
				INFOPLIST_KEY_UIApplicationSupportsIndirectInputEvents = YES;
				INFOPLIST_KEY_UILaunchStoryboardName = LaunchScreen;
				INFOPLIST_KEY_UIMainStoryboardFile = Main;
				INFOPLIST_KEY_UISupportedInterfaceOrientations_iPad = "UIInterfaceOrientationPortrait UIInterfaceOrientationPortraitUpsideDown UIInterfaceOrientationLandscapeLeft UIInterfaceOrientationLandscapeRight";
				INFOPLIST_KEY_UISupportedInterfaceOrientations_iPhone = "UIInterfaceOrientationPortrait UIInterfaceOrientationLandscapeLeft UIInterfaceOrientationLandscapeRight";
				LD_RUNPATH_SEARCH_PATHS = (
					"$(inherited)",
					"@executable_path/Frameworks",
				);
				MARKETING_VERSION = 1.0;
				PRODUCT_BUNDLE_IDENTIFIER = com.yayingliang.Pastagram;
				PRODUCT_NAME = "$(TARGET_NAME)";
				SWIFT_EMIT_LOC_STRINGS = YES;
				SWIFT_VERSION = 5.0;
				TARGETED_DEVICE_FAMILY = "1,2";
			};
			name = Release;
		};
		9BF8E59827ED1073006570F3 /* Debug */ = {
			isa = XCBuildConfiguration;
			baseConfigurationReference = AF61E8B0C8AF6D260A21013E /* Pods-PastagramTests.debug.xcconfig */;
			buildSettings = {
				ALWAYS_EMBED_SWIFT_STANDARD_LIBRARIES = YES;
				BUNDLE_LOADER = "$(TEST_HOST)";
				CODE_SIGN_STYLE = Automatic;
				CURRENT_PROJECT_VERSION = 1;
				DEVELOPMENT_TEAM = X3AN3P6NZJ;
				GENERATE_INFOPLIST_FILE = YES;
				IPHONEOS_DEPLOYMENT_TARGET = 15.4;
				MARKETING_VERSION = 1.0;
				PRODUCT_BUNDLE_IDENTIFIER = com.yayingliang.PastagramTests;
				PRODUCT_NAME = "$(TARGET_NAME)";
				SWIFT_EMIT_LOC_STRINGS = NO;
				SWIFT_VERSION = 5.0;
				TARGETED_DEVICE_FAMILY = "1,2";
				TEST_HOST = "$(BUILT_PRODUCTS_DIR)/Pastagram.app/Pastagram";
			};
			name = Debug;
		};
		9BF8E59927ED1073006570F3 /* Release */ = {
			isa = XCBuildConfiguration;
			baseConfigurationReference = 6BF1779164BCD2D00FED4831 /* Pods-PastagramTests.release.xcconfig */;
			buildSettings = {
				ALWAYS_EMBED_SWIFT_STANDARD_LIBRARIES = YES;
				BUNDLE_LOADER = "$(TEST_HOST)";
				CODE_SIGN_STYLE = Automatic;
				CURRENT_PROJECT_VERSION = 1;
				DEVELOPMENT_TEAM = X3AN3P6NZJ;
				GENERATE_INFOPLIST_FILE = YES;
				IPHONEOS_DEPLOYMENT_TARGET = 15.4;
				MARKETING_VERSION = 1.0;
				PRODUCT_BUNDLE_IDENTIFIER = com.yayingliang.PastagramTests;
				PRODUCT_NAME = "$(TARGET_NAME)";
				SWIFT_EMIT_LOC_STRINGS = NO;
				SWIFT_VERSION = 5.0;
				TARGETED_DEVICE_FAMILY = "1,2";
				TEST_HOST = "$(BUILT_PRODUCTS_DIR)/Pastagram.app/Pastagram";
			};
			name = Release;
		};
		9BF8E59B27ED1073006570F3 /* Debug */ = {
			isa = XCBuildConfiguration;
			baseConfigurationReference = 55A77579FE8064D242656174 /* Pods-Pastagram-PastagramUITests.debug.xcconfig */;
			buildSettings = {
				ALWAYS_EMBED_SWIFT_STANDARD_LIBRARIES = YES;
				CODE_SIGN_STYLE = Automatic;
				CURRENT_PROJECT_VERSION = 1;
				DEVELOPMENT_TEAM = X3AN3P6NZJ;
				GENERATE_INFOPLIST_FILE = YES;
				MARKETING_VERSION = 1.0;
				PRODUCT_BUNDLE_IDENTIFIER = com.yayingliang.PastagramUITests;
				PRODUCT_NAME = "$(TARGET_NAME)";
				SWIFT_EMIT_LOC_STRINGS = NO;
				SWIFT_VERSION = 5.0;
				TARGETED_DEVICE_FAMILY = "1,2";
				TEST_TARGET_NAME = Pastagram;
			};
			name = Debug;
		};
		9BF8E59C27ED1073006570F3 /* Release */ = {
			isa = XCBuildConfiguration;
			baseConfigurationReference = 06599225BDDE4FDE63A029AC /* Pods-Pastagram-PastagramUITests.release.xcconfig */;
			buildSettings = {
				ALWAYS_EMBED_SWIFT_STANDARD_LIBRARIES = YES;
				CODE_SIGN_STYLE = Automatic;
				CURRENT_PROJECT_VERSION = 1;
				DEVELOPMENT_TEAM = X3AN3P6NZJ;
				GENERATE_INFOPLIST_FILE = YES;
				MARKETING_VERSION = 1.0;
				PRODUCT_BUNDLE_IDENTIFIER = com.yayingliang.PastagramUITests;
				PRODUCT_NAME = "$(TARGET_NAME)";
				SWIFT_EMIT_LOC_STRINGS = NO;
				SWIFT_VERSION = 5.0;
				TARGETED_DEVICE_FAMILY = "1,2";
				TEST_TARGET_NAME = Pastagram;
			};
			name = Release;
		};
/* End XCBuildConfiguration section */

/* Begin XCConfigurationList section */
		9BF8E56527ED1072006570F3 /* Build configuration list for PBXProject "Pastagram" */ = {
			isa = XCConfigurationList;
			buildConfigurations = (
				9BF8E59227ED1073006570F3 /* Debug */,
				9BF8E59327ED1073006570F3 /* Release */,
			);
			defaultConfigurationIsVisible = 0;
			defaultConfigurationName = Release;
		};
		9BF8E59427ED1073006570F3 /* Build configuration list for PBXNativeTarget "Pastagram" */ = {
			isa = XCConfigurationList;
			buildConfigurations = (
				9BF8E59527ED1073006570F3 /* Debug */,
				9BF8E59627ED1073006570F3 /* Release */,
			);
			defaultConfigurationIsVisible = 0;
			defaultConfigurationName = Release;
		};
		9BF8E59727ED1073006570F3 /* Build configuration list for PBXNativeTarget "PastagramTests" */ = {
			isa = XCConfigurationList;
			buildConfigurations = (
				9BF8E59827ED1073006570F3 /* Debug */,
				9BF8E59927ED1073006570F3 /* Release */,
			);
			defaultConfigurationIsVisible = 0;
			defaultConfigurationName = Release;
		};
		9BF8E59A27ED1073006570F3 /* Build configuration list for PBXNativeTarget "PastagramUITests" */ = {
			isa = XCConfigurationList;
			buildConfigurations = (
				9BF8E59B27ED1073006570F3 /* Debug */,
				9BF8E59C27ED1073006570F3 /* Release */,
			);
			defaultConfigurationIsVisible = 0;
			defaultConfigurationName = Release;
		};
/* End XCConfigurationList section */

/* Begin XCRemoteSwiftPackageReference section */
		9BC42FC027EE30D300174376 /* XCRemoteSwiftPackageReference "swift-argument-parser" */ = {
			isa = XCRemoteSwiftPackageReference;
			repositoryURL = "https://github.com/apple/swift-argument-parser.git";
			requirement = {
				kind = upToNextMajorVersion;
				minimumVersion = 1.0.0;
			};
		};
		9BC42FC327EE30E400174376 /* XCRemoteSwiftPackageReference "swift-argument-parser" */ = {
			isa = XCRemoteSwiftPackageReference;
			repositoryURL = "https://github.com/apple/swift-argument-parser.git";
			requirement = {
				kind = upToNextMajorVersion;
				minimumVersion = 1.0.0;
			};
		};
		9BCFC20227EEBCDB00859EF4 /* XCRemoteSwiftPackageReference "swift-argument-parser" */ = {
			isa = XCRemoteSwiftPackageReference;
			repositoryURL = "https://github.com/apple/swift-argument-parser.git";
			requirement = {
				kind = upToNextMajorVersion;
				minimumVersion = 1.0.0;
			};
		};
		9BCFC20527EEBD0D00859EF4 /* XCRemoteSwiftPackageReference "swift-argument-parser" */ = {
			isa = XCRemoteSwiftPackageReference;
			repositoryURL = "https://github.com/apple/swift-argument-parser.git";
			requirement = {
				kind = upToNextMajorVersion;
				minimumVersion = 1.0.0;
			};
		};
		9BCFC20827EEBD1F00859EF4 /* XCRemoteSwiftPackageReference "swift-argument-parser" */ = {
			isa = XCRemoteSwiftPackageReference;
			repositoryURL = "https://github.com/apple/swift-argument-parser.git";
			requirement = {
				kind = upToNextMajorVersion;
				minimumVersion = 1.0.0;
			};
		};
/* End XCRemoteSwiftPackageReference section */

/* Begin XCSwiftPackageProductDependency section */
		9BC42FC127EE30D300174376 /* ArgumentParser */ = {
			isa = XCSwiftPackageProductDependency;
			package = 9BC42FC027EE30D300174376 /* XCRemoteSwiftPackageReference "swift-argument-parser" */;
			productName = ArgumentParser;
		};
		9BC42FC427EE30E400174376 /* ArgumentParser */ = {
			isa = XCSwiftPackageProductDependency;
			package = 9BC42FC027EE30D300174376 /* XCRemoteSwiftPackageReference "swift-argument-parser" */;
			productName = ArgumentParser;
		};
		9BCFC20327EEBCDB00859EF4 /* ArgumentParser */ = {
			isa = XCSwiftPackageProductDependency;
			package = 9BC42FC027EE30D300174376 /* XCRemoteSwiftPackageReference "swift-argument-parser" */;
			productName = ArgumentParser;
		};
		9BCFC20627EEBD0D00859EF4 /* ArgumentParser */ = {
			isa = XCSwiftPackageProductDependency;
			package = 9BC42FC027EE30D300174376 /* XCRemoteSwiftPackageReference "swift-argument-parser" */;
			productName = ArgumentParser;
		};
		9BCFC20927EEBD1F00859EF4 /* ArgumentParser */ = {
			isa = XCSwiftPackageProductDependency;
			package = 9BC42FC027EE30D300174376 /* XCRemoteSwiftPackageReference "swift-argument-parser" */;
			productName = ArgumentParser;
		};
/* End XCSwiftPackageProductDependency section */
	};
	rootObject = 9BF8E56227ED1072006570F3 /* Project object */;
}
